{
  "name": "archaeology_tracker",
  "version": "1.0.0",
  "lockfileVersion": 2,
  "requires": true,
  "packages": {
    "": {
      "name": "archaeology_tracker",
      "version": "1.0.0",
      "license": "ISC",
      "dependencies": {
        "JSON": "^1.0.0"
      }
    },
    "node_modules/JSON": {
      "version": "1.0.0",
      "resolved": "https://registry.npmjs.org/JSON/-/JSON-1.0.0.tgz",
      "integrity": "sha1-hoFTHCj4Q4oHVYn/BySCRuqWDYw=",
      "engines": {
        "node": ">= 0.2.0"
      }
    }
  },
  "dependencies": {
    "JSON": {
      "version": "1.0.0",
      "resolved": "https://registry.npmjs.org/JSON/-/JSON-1.0.0.tgz",
      "integrity": "sha1-hoFTHCj4Q4oHVYn/BySCRuqWDYw="
    }
  }
}
